// !$*UTF8*$!
{
	archiveVersion = 1;
	classes = {
	};
	objectVersion = 77;
	objects = {

/* Begin PBXContainerItemProxy section */
		F78A979B2CF9F20E00DBA9EC /* PBXContainerItemProxy */ = {
			isa = PBXContainerItemProxy;
			containerPortal = F78A977D2CF9F20C00DBA9EC /* Project object */;
			proxyType = 1;
			remoteGlobalIDString = F78A97842CF9F20C00DBA9EC;
			remoteInfo = SwiftUINoteApp;
		};
		F78A97A52CF9F20E00DBA9EC /* PBXContainerItemProxy */ = {
			isa = PBXContainerItemProxy;
			containerPortal = F78A977D2CF9F20C00DBA9EC /* Project object */;
			proxyType = 1;
			remoteGlobalIDString = F78A97842CF9F20C00DBA9EC;
			remoteInfo = SwiftUINoteApp;
		};
/* End PBXContainerItemProxy section */

/* Begin PBXFileReference section */
		F78A97852CF9F20C00DBA9EC /* SwiftUINoteApp.app */ = {isa = PBXFileReference; explicitFileType = wrapper.application; includeInIndex = 0; path = SwiftUINoteApp.app; sourceTree = BUILT_PRODUCTS_DIR; };
		F78A979A2CF9F20E00DBA9EC /* SwiftUINoteAppTests.xctest */ = {isa = PBXFileReference; explicitFileType = wrapper.cfbundle; includeInIndex = 0; path = SwiftUINoteAppTests.xctest; sourceTree = BUILT_PRODUCTS_DIR; };
		F78A97A42CF9F20E00DBA9EC /* SwiftUINoteAppUITests.xctest */ = {isa = PBXFileReference; explicitFileType = wrapper.cfbundle; includeInIndex = 0; path = SwiftUINoteAppUITests.xctest; sourceTree = BUILT_PRODUCTS_DIR; };
/* End PBXFileReference section */

/* Begin PBXFileSystemSynchronizedRootGroup section */
		F78A97872CF9F20C00DBA9EC /* SwiftUINoteApp */ = {
			isa = PBXFileSystemSynchronizedRootGroup;
			path = SwiftUINoteApp;
			sourceTree = "<group>";
		};
		F78A979D2CF9F20E00DBA9EC /* SwiftUINoteAppTests */ = {
			isa = PBXFileSystemSynchronizedRootGroup;
			path = SwiftUINoteAppTests;
			sourceTree = "<group>";
		};
		F78A97A72CF9F20E00DBA9EC /* SwiftUINoteAppUITests */ = {
			isa = PBXFileSystemSynchronizedRootGroup;
			path = SwiftUINoteAppUITests;
			sourceTree = "<group>";
		};
/* End PBXFileSystemSynchronizedRootGroup section */

/* Begin PBXFrameworksBuildPhase section */
		F78A97822CF9F20C00DBA9EC /* Frameworks */ = {
			isa = PBXFrameworksBuildPhase;
			buildActionMask = 2147483647;
			files = (
			);
			runOnlyForDeploymentPostprocessing = 0;
		};
		F78A97972CF9F20E00DBA9EC /* Frameworks */ = {
			isa = PBXFrameworksBuildPhase;
			buildActionMask = 2147483647;
			files = (
			);
			runOnlyForDeploymentPostprocessing = 0;
		};
		F78A97A12CF9F20E00DBA9EC /* Frameworks */ = {
			isa = PBXFrameworksBuildPhase;
			buildActionMask = 2147483647;
			files = (
			);
			runOnlyForDeploymentPostprocessing = 0;
		};
/* End PBXFrameworksBuildPhase section */

/* Begin PBXGroup section */
		F78A977C2CF9F20C00DBA9EC = {
			isa = PBXGroup;
			children = (
				F78A97872CF9F20C00DBA9EC /* SwiftUINoteApp */,
				F78A979D2CF9F20E00DBA9EC /* SwiftUINoteAppTests */,
				F78A97A72CF9F20E00DBA9EC /* SwiftUINoteAppUITests */,
				F78A97862CF9F20C00DBA9EC /* Products */,
			);
			sourceTree = "<group>";
		};
		F78A97862CF9F20C00DBA9EC /* Products */ = {
			isa = PBXGroup;
			children = (
				F78A97852CF9F20C00DBA9EC /* SwiftUINoteApp.app */,
				F78A979A2CF9F20E00DBA9EC /* SwiftUINoteAppTests.xctest */,
				F78A97A42CF9F20E00DBA9EC /* SwiftUINoteAppUITests.xctest */,
			);
			name = Products;
			sourceTree = "<group>";
		};
/* End PBXGroup section */

/* Begin PBXNativeTarget section */
		F78A97842CF9F20C00DBA9EC /* SwiftUINoteApp */ = {
			isa = PBXNativeTarget;
			buildConfigurationList = F78A97AE2CF9F20E00DBA9EC /* Build configuration list for PBXNativeTarget "SwiftUINoteApp" */;
			buildPhases = (
				F78A97812CF9F20C00DBA9EC /* Sources */,
				F78A97822CF9F20C00DBA9EC /* Frameworks */,
				F78A97832CF9F20C00DBA9EC /* Resources */,
			);
			buildRules = (
			);
			dependencies = (
			);
			fileSystemSynchronizedGroups = (
				F78A97872CF9F20C00DBA9EC /* SwiftUINoteApp */,
			);
			name = SwiftUINoteApp;
			packageProductDependencies = (
			);
			productName = SwiftUINoteApp;
			productReference = F78A97852CF9F20C00DBA9EC /* SwiftUINoteApp.app */;
			productType = "com.apple.product-type.application";
		};
		F78A97992CF9F20E00DBA9EC /* SwiftUINoteAppTests */ = {
			isa = PBXNativeTarget;
			buildConfigurationList = F78A97B12CF9F20E00DBA9EC /* Build configuration list for PBXNativeTarget "SwiftUINoteAppTests" */;
			buildPhases = (
				F78A97962CF9F20E00DBA9EC /* Sources */,
				F78A97972CF9F20E00DBA9EC /* Frameworks */,
				F78A97982CF9F20E00DBA9EC /* Resources */,
			);
			buildRules = (
			);
			dependencies = (
				F78A979C2CF9F20E00DBA9EC /* PBXTargetDependency */,
			);
			fileSystemSynchronizedGroups = (
				F78A979D2CF9F20E00DBA9EC /* SwiftUINoteAppTests */,
			);
			name = SwiftUINoteAppTests;
			packageProductDependencies = (
			);
			productName = SwiftUINoteAppTests;
			productReference = F78A979A2CF9F20E00DBA9EC /* SwiftUINoteAppTests.xctest */;
			productType = "com.apple.product-type.bundle.unit-test";
		};
		F78A97A32CF9F20E00DBA9EC /* SwiftUINoteAppUITests */ = {
			isa = PBXNativeTarget;
			buildConfigurationList = F78A97B42CF9F20E00DBA9EC /* Build configuration list for PBXNativeTarget "SwiftUINoteAppUITests" */;
			buildPhases = (
				F78A97A02CF9F20E00DBA9EC /* Sources */,
				F78A97A12CF9F20E00DBA9EC /* Frameworks */,
				F78A97A22CF9F20E00DBA9EC /* Resources */,
			);
			buildRules = (
			);
			dependencies = (
				F78A97A62CF9F20E00DBA9EC /* PBXTargetDependency */,
			);
			fileSystemSynchronizedGroups = (
				F78A97A72CF9F20E00DBA9EC /* SwiftUINoteAppUITests */,
			);
			name = SwiftUINoteAppUITests;
			packageProductDependencies = (
			);
			productName = SwiftUINoteAppUITests;
			productReference = F78A97A42CF9F20E00DBA9EC /* SwiftUINoteAppUITests.xctest */;
			productType = "com.apple.product-type.bundle.ui-testing";
		};
/* End PBXNativeTarget section */

/* Begin PBXProject section */
		F78A977D2CF9F20C00DBA9EC /* Project object */ = {
			isa = PBXProject;
			attributes = {
				BuildIndependentTargetsInParallel = 1;
				LastSwiftUpdateCheck = 1600;
				LastUpgradeCheck = 1600;
				TargetAttributes = {
					F78A97842CF9F20C00DBA9EC = {
						CreatedOnToolsVersion = 16.0;
					};
					F78A97992CF9F20E00DBA9EC = {
						CreatedOnToolsVersion = 16.0;
						TestTargetID = F78A97842CF9F20C00DBA9EC;
					};
					F78A97A32CF9F20E00DBA9EC = {
						CreatedOnToolsVersion = 16.0;
						TestTargetID = F78A97842CF9F20C00DBA9EC;
					};
				};
			};
			buildConfigurationList = F78A97802CF9F20C00DBA9EC /* Build configuration list for PBXProject "SwiftUINoteApp" */;
			developmentRegion = en;
			hasScannedForEncodings = 0;
			knownRegions = (
				en,
				Base,
			);
			mainGroup = F78A977C2CF9F20C00DBA9EC;
			minimizedProjectReferenceProxies = 1;
			preferredProjectObjectVersion = 77;
			productRefGroup = F78A97862CF9F20C00DBA9EC /* Products */;
			projectDirPath = "";
			projectRoot = "";
			targets = (
				F78A97842CF9F20C00DBA9EC /* SwiftUINoteApp */,
				F78A97992CF9F20E00DBA9EC /* SwiftUINoteAppTests */,
				F78A97A32CF9F20E00DBA9EC /* SwiftUINoteAppUITests */,
			);
		};
/* End PBXProject section */

/* Begin PBXResourcesBuildPhase section */
		F78A97832CF9F20C00DBA9EC /* Resources */ = {
			isa = PBXResourcesBuildPhase;
			buildActionMask = 2147483647;
			files = (
			);
			runOnlyForDeploymentPostprocessing = 0;
		};
		F78A97982CF9F20E00DBA9EC /* Resources */ = {
			isa = PBXResourcesBuildPhase;
			buildActionMask = 2147483647;
			files = (
			);
			runOnlyForDeploymentPostprocessing = 0;
		};
		F78A97A22CF9F20E00DBA9EC /* Resources */ = {
			isa = PBXResourcesBuildPhase;
			buildActionMask = 2147483647;
			files = (
			);
			runOnlyForDeploymentPostprocessing = 0;
		};
/* End PBXResourcesBuildPhase section */

/* Begin PBXSourcesBuildPhase section */
		F78A97812CF9F20C00DBA9EC /* Sources */ = {
			isa = PBXSourcesBuildPhase;
			buildActionMask = 2147483647;
			files = (
			);
			runOnlyForDeploymentPostprocessing = 0;
		};
		F78A97962CF9F20E00DBA9EC /* Sources */ = {
			isa = PBXSourcesBuildPhase;
			buildActionMask = 2147483647;
			files = (
			);
			runOnlyForDeploymentPostprocessing = 0;
		};
		F78A97A02CF9F20E00DBA9EC /* Sources */ = {
			isa = PBXSourcesBuildPhase;
			buildActionMask = 2147483647;
			files = (
			);
			runOnlyForDeploymentPostprocessing = 0;
		};
/* End PBXSourcesBuildPhase section */

/* Begin PBXTargetDependency section */
		F78A979C2CF9F20E00DBA9EC /* PBXTargetDependency */ = {
			isa = PBXTargetDependency;
			target = F78A97842CF9F20C00DBA9EC /* SwiftUINoteApp */;
			targetProxy = F78A979B2CF9F20E00DBA9EC /* PBXContainerItemProxy */;
		};
		F78A97A62CF9F20E00DBA9EC /* PBXTargetDependency */ = {
			isa = PBXTargetDependency;
			target = F78A97842CF9F20C00DBA9EC /* SwiftUINoteApp */;
			targetProxy = F78A97A52CF9F20E00DBA9EC /* PBXContainerItemProxy */;
		};
/* End PBXTargetDependency section */

/* Begin XCBuildConfiguration section */
		F78A97AC2CF9F20E00DBA9EC /* Debug */ = {
			isa = XCBuildConfiguration;
			buildSettings = {
				ALWAYS_SEARCH_USER_PATHS = NO;
				ASSETCATALOG_COMPILER_GENERATE_SWIFT_ASSET_SYMBOL_EXTENSIONS = YES;
				CLANG_ANALYZER_NONNULL = YES;
				CLANG_ANALYZER_NUMBER_OBJECT_CONVERSION = YES_AGGRESSIVE;
				CLANG_CXX_LANGUAGE_STANDARD = "gnu++20";
				CLANG_ENABLE_MODULES = YES;
				CLANG_ENABLE_OBJC_ARC = YES;
				CLANG_ENABLE_OBJC_WEAK = YES;
				CLANG_WARN_BLOCK_CAPTURE_AUTORELEASING = YES;
				CLANG_WARN_BOOL_CONVERSION = YES;
				CLANG_WARN_COMMA = YES;
				CLANG_WARN_CONSTANT_CONVERSION = YES;
				CLANG_WARN_DEPRECATED_OBJC_IMPLEMENTATIONS = YES;
				CLANG_WARN_DIRECT_OBJC_ISA_USAGE = YES_ERROR;
				CLANG_WARN_DOCUMENTATION_COMMENTS = YES;
				CLANG_WARN_EMPTY_BODY = YES;
				CLANG_WARN_ENUM_CONVERSION = YES;
				CLANG_WARN_INFINITE_RECURSION = YES;
				CLANG_WARN_INT_CONVERSION = YES;
				CLANG_WARN_NON_LITERAL_NULL_CONVERSION = YES;
				CLANG_WARN_OBJC_IMPLICIT_RETAIN_SELF = YES;
				CLANG_WARN_OBJC_LITERAL_CONVERSION = YES;
				CLANG_WARN_OBJC_ROOT_CLASS = YES_ERROR;
				CLANG_WARN_QUOTED_INCLUDE_IN_FRAMEWORK_HEADER = YES;
				CLANG_WARN_RANGE_LOOP_ANALYSIS = YES;
				CLANG_WARN_STRICT_PROTOTYPES = YES;
				CLANG_WARN_SUSPICIOUS_MOVE = YES;
				CLANG_WARN_UNGUARDED_AVAILABILITY = YES_AGGRESSIVE;
				CLANG_WARN_UNREACHABLE_CODE = YES;
				CLANG_WARN__DUPLICATE_METHOD_MATCH = YES;
				COPY_PHASE_STRIP = NO;
				DEBUG_INFORMATION_FORMAT = dwarf;
				ENABLE_STRICT_OBJC_MSGSEND = YES;
				ENABLE_TESTABILITY = YES;
				ENABLE_USER_SCRIPT_SANDBOXING = YES;
				GCC_C_LANGUAGE_STANDARD = gnu17;
				GCC_DYNAMIC_NO_PIC = NO;
				GCC_NO_COMMON_BLOCKS = YES;
				GCC_OPTIMIZATION_LEVEL = 0;
				GCC_PREPROCESSOR_DEFINITIONS = (
					"DEBUG=1",
					"$(inherited)",
				);
				GCC_WARN_64_TO_32_BIT_CONVERSION = YES;
				GCC_WARN_ABOUT_RETURN_TYPE = YES_ERROR;
				GCC_WARN_UNDECLARED_SELECTOR = YES;
				GCC_WARN_UNINITIALIZED_AUTOS = YES_AGGRESSIVE;
				GCC_WARN_UNUSED_FUNCTION = YES;
				GCC_WARN_UNUSED_VARIABLE = YES;
				IPHONEOS_DEPLOYMENT_TARGET = 18.0;
				LOCALIZATION_PREFERS_STRING_CATALOGS = YES;
				MTL_ENABLE_DEBUG_INFO = INCLUDE_SOURCE;
				MTL_FAST_MATH = YES;
				ONLY_ACTIVE_ARCH = YES;
				SDKROOT = iphoneos;
				SWIFT_ACTIVE_COMPILATION_CONDITIONS = "DEBUG $(inherited)";
				SWIFT_OPTIMIZATION_LEVEL = "-Onone";
			};
			name = Debug;
		};
		F78A97AD2CF9F20E00DBA9EC /* Release */ = {
			isa = XCBuildConfiguration;
			buildSettings = {
				ALWAYS_SEARCH_USER_PATHS = NO;
				ASSETCATALOG_COMPILER_GENERATE_SWIFT_ASSET_SYMBOL_EXTENSIONS = YES;
				CLANG_ANALYZER_NONNULL = YES;
				CLANG_ANALYZER_NUMBER_OBJECT_CONVERSION = YES_AGGRESSIVE;
				CLANG_CXX_LANGUAGE_STANDARD = "gnu++20";
				CLANG_ENABLE_MODULES = YES;
				CLANG_ENABLE_OBJC_ARC = YES;
				CLANG_ENABLE_OBJC_WEAK = YES;
				CLANG_WARN_BLOCK_CAPTURE_AUTORELEASING = YES;
				CLANG_WARN_BOOL_CONVERSION = YES;
				CLANG_WARN_COMMA = YES;
				CLANG_WARN_CONSTANT_CONVERSION = YES;
				CLANG_WARN_DEPRECATED_OBJC_IMPLEMENTATIONS = YES;
				CLANG_WARN_DIRECT_OBJC_ISA_USAGE = YES_ERROR;
				CLANG_WARN_DOCUMENTATION_COMMENTS = YES;
				CLANG_WARN_EMPTY_BODY = YES;
				CLANG_WARN_ENUM_CONVERSION = YES;
				CLANG_WARN_INFINITE_RECURSION = YES;
				CLANG_WARN_INT_CONVERSION = YES;
				CLANG_WARN_NON_LITERAL_NULL_CONVERSION = YES;
				CLANG_WARN_OBJC_IMPLICIT_RETAIN_SELF = YES;
				CLANG_WARN_OBJC_LITERAL_CONVERSION = YES;
				CLANG_WARN_OBJC_ROOT_CLASS = YES_ERROR;
				CLANG_WARN_QUOTED_INCLUDE_IN_FRAMEWORK_HEADER = YES;
				CLANG_WARN_RANGE_LOOP_ANALYSIS = YES;
				CLANG_WARN_STRICT_PROTOTYPES = YES;
				CLANG_WARN_SUSPICIOUS_MOVE = YES;
				CLANG_WARN_UNGUARDED_AVAILABILITY = YES_AGGRESSIVE;
				CLANG_WARN_UNREACHABLE_CODE = YES;
				CLANG_WARN__DUPLICATE_METHOD_MATCH = YES;
				COPY_PHASE_STRIP = NO;
				DEBUG_INFORMATION_FORMAT = "dwarf-with-dsym";
				ENABLE_NS_ASSERTIONS = NO;
				ENABLE_STRICT_OBJC_MSGSEND = YES;
				ENABLE_USER_SCRIPT_SANDBOXING = YES;
				GCC_C_LANGUAGE_STANDARD = gnu17;
				GCC_NO_COMMON_BLOCKS = YES;
				GCC_WARN_64_TO_32_BIT_CONVERSION = YES;
				GCC_WARN_ABOUT_RETURN_TYPE = YES_ERROR;
				GCC_WARN_UNDECLARED_SELECTOR = YES;
				GCC_WARN_UNINITIALIZED_AUTOS = YES_AGGRESSIVE;
				GCC_WARN_UNUSED_FUNCTION = YES;
				GCC_WARN_UNUSED_VARIABLE = YES;
				IPHONEOS_DEPLOYMENT_TARGET = 18.0;
				LOCALIZATION_PREFERS_STRING_CATALOGS = YES;
				MTL_ENABLE_DEBUG_INFO = NO;
				MTL_FAST_MATH = YES;
				SDKROOT = iphoneos;
				SWIFT_COMPILATION_MODE = wholemodule;
				VALIDATE_PRODUCT = YES;
			};
			name = Release;
		};
		F78A97AF2CF9F20E00DBA9EC /* Debug */ = {
			isa = XCBuildConfiguration;
			buildSettings = {
				ASSETCATALOG_COMPILER_APPICON_NAME = AppIcon;
				ASSETCATALOG_COMPILER_GLOBAL_ACCENT_COLOR_NAME = AccentColor;
				CODE_SIGN_STYLE = Automatic;
				CURRENT_PROJECT_VERSION = 1;
				DEVELOPMENT_ASSET_PATHS = "\"SwiftUINoteApp/Preview Content\"";
				ENABLE_PREVIEWS = YES;
				GENERATE_INFOPLIST_FILE = YES;
				INFOPLIST_KEY_UIApplicationSceneManifest_Generation = YES;
				INFOPLIST_KEY_UIApplicationSupportsIndirectInputEvents = YES;
				INFOPLIST_KEY_UILaunchScreen_Generation = YES;
				INFOPLIST_KEY_UISupportedInterfaceOrientations_iPad = "UIInterfaceOrientationPortrait UIInterfaceOrientationPortraitUpsideDown UIInterfaceOrientationLandscapeLeft UIInterfaceOrientationLandscapeRight";
				INFOPLIST_KEY_UISupportedInterfaceOrientations_iPhone = "UIInterfaceOrientationPortrait UIInterfaceOrientationLandscapeLeft UIInterfaceOrientationLandscapeRight";
				LD_RUNPATH_SEARCH_PATHS = (
					"$(inherited)",
					"@executable_path/Frameworks",
				);
				MARKETING_VERSION = 1.0;
				PRODUCT_BUNDLE_IDENTIFIER = cathybank.SwiftUINoteApp;
				PRODUCT_NAME = "$(TARGET_NAME)";
				SWIFT_EMIT_LOC_STRINGS = YES;
				SWIFT_VERSION = 5.0;
				TARGETED_DEVICE_FAMILY = "1,2";
			};
			name = Debug;
		};
		F78A97B02CF9F20E00DBA9EC /* Release */ = {
			isa = XCBuildConfiguration;
			buildSettings = {
				ASSETCATALOG_COMPILER_APPICON_NAME = AppIcon;
				ASSETCATALOG_COMPILER_GLOBAL_ACCENT_COLOR_NAME = AccentColor;
				CODE_SIGN_STYLE = Automatic;
				CURRENT_PROJECT_VERSION = 1;
				DEVELOPMENT_ASSET_PATHS = "\"SwiftUINoteApp/Preview Content\"";
				ENABLE_PREVIEWS = YES;
				GENERATE_INFOPLIST_FILE = YES;
				INFOPLIST_KEY_UIApplicationSceneManifest_Generation = YES;
				INFOPLIST_KEY_UIApplicationSupportsIndirectInputEvents = YES;
				INFOPLIST_KEY_UILaunchScreen_Generation = YES;
				INFOPLIST_KEY_UISupportedInterfaceOrientations_iPad = "UIInterfaceOrientationPortrait UIInterfaceOrientationPortraitUpsideDown UIInterfaceOrientationLandscapeLeft UIInterfaceOrientationLandscapeRight";
				INFOPLIST_KEY_UISupportedInterfaceOrientations_iPhone = "UIInterfaceOrientationPortrait UIInterfaceOrientationLandscapeLeft UIInterfaceOrientationLandscapeRight";
				LD_RUNPATH_SEARCH_PATHS = (
					"$(inherited)",
					"@executable_path/Frameworks",
				);
				MARKETING_VERSION = 1.0;
				PRODUCT_BUNDLE_IDENTIFIER = cathybank.SwiftUINoteApp;
				PRODUCT_NAME = "$(TARGET_NAME)";
				SWIFT_EMIT_LOC_STRINGS = YES;
				SWIFT_VERSION = 5.0;
				TARGETED_DEVICE_FAMILY = "1,2";
			};
			name = Release;
		};
		F78A97B22CF9F20E00DBA9EC /* Debug */ = {
			isa = XCBuildConfiguration;
			buildSettings = {
				BUNDLE_LOADER = "$(TEST_HOST)";
				CODE_SIGN_STYLE = Automatic;
				CURRENT_PROJECT_VERSION = 1;
				GENERATE_INFOPLIST_FILE = YES;
				IPHONEOS_DEPLOYMENT_TARGET = 18.0;
				MARKETING_VERSION = 1.0;
				PRODUCT_BUNDLE_IDENTIFIER = cathybank.SwiftUINoteAppTests;
				PRODUCT_NAME = "$(TARGET_NAME)";
				SWIFT_EMIT_LOC_STRINGS = NO;
				SWIFT_VERSION = 5.0;
				TARGETED_DEVICE_FAMILY = "1,2";
				TEST_HOST = "$(BUILT_PRODUCTS_DIR)/SwiftUINoteApp.app/$(BUNDLE_EXECUTABLE_FOLDER_PATH)/SwiftUINoteApp";
			};
			name = Debug;
		};
		F78A97B32CF9F20E00DBA9EC /* Release */ = {
			isa = XCBuildConfiguration;
			buildSettings = {
				BUNDLE_LOADER = "$(TEST_HOST)";
				CODE_SIGN_STYLE = Automatic;
				CURRENT_PROJECT_VERSION = 1;
				GENERATE_INFOPLIST_FILE = YES;
				IPHONEOS_DEPLOYMENT_TARGET = 18.0;
				MARKETING_VERSION = 1.0;
				PRODUCT_BUNDLE_IDENTIFIER = cathybank.SwiftUINoteAppTests;
				PRODUCT_NAME = "$(TARGET_NAME)";
				SWIFT_EMIT_LOC_STRINGS = NO;
				SWIFT_VERSION = 5.0;
				TARGETED_DEVICE_FAMILY = "1,2";
				TEST_HOST = "$(BUILT_PRODUCTS_DIR)/SwiftUINoteApp.app/$(BUNDLE_EXECUTABLE_FOLDER_PATH)/SwiftUINoteApp";
			};
			name = Release;
		};
		F78A97B52CF9F20E00DBA9EC /* Debug */ = {
			isa = XCBuildConfiguration;
			buildSettings = {
				CODE_SIGN_STYLE = Automatic;
				CURRENT_PROJECT_VERSION = 1;
				GENERATE_INFOPLIST_FILE = YES;
				MARKETING_VERSION = 1.0;
				PRODUCT_BUNDLE_IDENTIFIER = cathybank.SwiftUINoteAppUITests;
				PRODUCT_NAME = "$(TARGET_NAME)";
				SWIFT_EMIT_LOC_STRINGS = NO;
				SWIFT_VERSION = 5.0;
				TARGETED_DEVICE_FAMILY = "1,2";
				TEST_TARGET_NAME = SwiftUINoteApp;
			};
			name = Debug;
		};
		F78A97B62CF9F20E00DBA9EC /* Release */ = {
			isa = XCBuildConfiguration;
			buildSettings = {
				CODE_SIGN_STYLE = Automatic;
				CURRENT_PROJECT_VERSION = 1;
				GENERATE_INFOPLIST_FILE = YES;
				MARKETING_VERSION = 1.0;
				PRODUCT_BUNDLE_IDENTIFIER = cathybank.SwiftUINoteAppUITests;
				PRODUCT_NAME = "$(TARGET_NAME)";
				SWIFT_EMIT_LOC_STRINGS = NO;
				SWIFT_VERSION = 5.0;
				TARGETED_DEVICE_FAMILY = "1,2";
				TEST_TARGET_NAME = SwiftUINoteApp;
			};
			name = Release;
		};
/* End XCBuildConfiguration section */

/* Begin XCConfigurationList section */
		F78A97802CF9F20C00DBA9EC /* Build configuration list for PBXProject "SwiftUINoteApp" */ = {
			isa = XCConfigurationList;
			buildConfigurations = (
				F78A97AC2CF9F20E00DBA9EC /* Debug */,
				F78A97AD2CF9F20E00DBA9EC /* Release */,
			);
			defaultConfigurationIsVisible = 0;
			defaultConfigurationName = Release;
		};
		F78A97AE2CF9F20E00DBA9EC /* Build configuration list for PBXNativeTarget "SwiftUINoteApp" */ = {
			isa = XCConfigurationList;
			buildConfigurations = (
				F78A97AF2CF9F20E00DBA9EC /* Debug */,
				F78A97B02CF9F20E00DBA9EC /* Release */,
			);
			defaultConfigurationIsVisible = 0;
			defaultConfigurationName = Release;
		};
		F78A97B12CF9F20E00DBA9EC /* Build configuration list for PBXNativeTarget "SwiftUINoteAppTests" */ = {
			isa = XCConfigurationList;
			buildConfigurations = (
				F78A97B22CF9F20E00DBA9EC /* Debug */,
				F78A97B32CF9F20E00DBA9EC /* Release */,
			);
			defaultConfigurationIsVisible = 0;
			defaultConfigurationName = Release;
		};
		F78A97B42CF9F20E00DBA9EC /* Build configuration list for PBXNativeTarget "SwiftUINoteAppUITests" */ = {
			isa = XCConfigurationList;
			buildConfigurations = (
				F78A97B52CF9F20E00DBA9EC /* Debug */,
				F78A97B62CF9F20E00DBA9EC /* Release */,
			);
			defaultConfigurationIsVisible = 0;
			defaultConfigurationName = Release;
		};
/* End XCConfigurationList section */
	};
	rootObject = F78A977D2CF9F20C00DBA9EC /* Project object */;
}
